
Microsoft Visual Studio Solution File, Format Version 12.00
# Visual Studio 15
VisualStudioVersion = 15.0.28010.2026
MinimumVisualStudioVersion = 10.0.40219.1
Project("{FAE04EC0-301F-11D3-BF4B-00C04F79EFBC}") = "Da Cheeky Cow", "Da Cheeky Cow\Da Cheeky Cow.csproj", "{AAEA83B3-3DCC-4C9C-943E-C0AC00D51537}"
EndProject
Global
	GlobalSection(SolutionConfigurationPlatforms) = preSolution
		Debug|Any CPU = Debug|Any CPU
		Release|Any CPU = Release|Any CPU
	EndGlobalSection
	GlobalSection(ProjectConfigurationPlatforms) = postSolution
		{AAEA83B3-3DCC-4C9C-943E-C0AC00D51537}.Debug|Any CPU.ActiveCfg = Debug|Any CPU
		{AAEA83B3-3DCC-4C9C-943E-C0AC00D51537}.Debug|Any CPU.Build.0 = Debug|Any CPU
		{AAEA83B3-3DCC-4C9C-943E-C0AC00D51537}.Release|Any CPU.ActiveCfg = Release|Any CPU
		{AAEA83B3-3DCC-4C9C-943E-C0AC00D51537}.Release|Any CPU.Build.0 = Release|Any CPU
	EndGlobalSection
	GlobalSection(SolutionProperties) = preSolution
		HideSolutionNode = FALSE
	EndGlobalSection
	GlobalSection(ExtensibilityGlobals) = postSolution
		SolutionGuid = {4BB065F2-EB58-44BB-B395-B9F667232B00}
	EndGlobalSection
EndGlobal
